
Microsoft Visual Studio Solution File, Format Version 12.00
# Visual Studio Version 17
VisualStudioVersion = 17.1.32421.90
MinimumVisualStudioVersion = 10.0.40219.1
Project("{FAE04EC0-301F-11D3-BF4B-00C04F79EFBC}") = "02-suma_naturales", "02-suma_naturales\02-suma_naturales.csproj", "{FFB32208-284A-40B8-BCF4-4DBA7543A9C7}"
EndProject
Global
	GlobalSection(SolutionConfigurationPlatforms) = preSolution
		Debug|Any CPU = Debug|Any CPU
		Release|Any CPU = Release|Any CPU
	EndGlobalSection
	GlobalSection(ProjectConfigurationPlatforms) = postSolution
		{FFB32208-284A-40B8-BCF4-4DBA7543A9C7}.Debug|Any CPU.ActiveCfg = Debug|Any CPU
		{FFB32208-284A-40B8-BCF4-4DBA7543A9C7}.Debug|Any CPU.Build.0 = Debug|Any CPU
		{FFB32208-284A-40B8-BCF4-4DBA7543A9C7}.Release|Any CPU.ActiveCfg = Release|Any CPU
		{FFB32208-284A-40B8-BCF4-4DBA7543A9C7}.Release|Any CPU.Build.0 = Release|Any CPU
	EndGlobalSection
	GlobalSection(SolutionProperties) = preSolution
		HideSolutionNode = FALSE
	EndGlobalSection
	GlobalSection(ExtensibilityGlobals) = postSolution
		SolutionGuid = {28D80A96-392D-43DB-88C3-A81229A2E98E}
	EndGlobalSection
EndGlobal
