
Microsoft Visual Studio Solution File, Format Version 12.00
# Visual Studio Version 17
VisualStudioVersion = 17.1.32414.318
MinimumVisualStudioVersion = 10.0.40219.1
Project("{FAE04EC0-301F-11D3-BF4B-00C04F79EFBC}") = "15-areas_figuras", "15-areas_figuras\15-areas_figuras.csproj", "{6E660A96-E258-4481-8859-BDDFE3925CF8}"
EndProject
Global
	GlobalSection(SolutionConfigurationPlatforms) = preSolution
		Debug|Any CPU = Debug|Any CPU
		Release|Any CPU = Release|Any CPU
	EndGlobalSection
	GlobalSection(ProjectConfigurationPlatforms) = postSolution
		{6E660A96-E258-4481-8859-BDDFE3925CF8}.Debug|Any CPU.ActiveCfg = Debug|Any CPU
		{6E660A96-E258-4481-8859-BDDFE3925CF8}.Debug|Any CPU.Build.0 = Debug|Any CPU
		{6E660A96-E258-4481-8859-BDDFE3925CF8}.Release|Any CPU.ActiveCfg = Release|Any CPU
		{6E660A96-E258-4481-8859-BDDFE3925CF8}.Release|Any CPU.Build.0 = Release|Any CPU
	EndGlobalSection
	GlobalSection(SolutionProperties) = preSolution
		HideSolutionNode = FALSE
	EndGlobalSection
	GlobalSection(ExtensibilityGlobals) = postSolution
		SolutionGuid = {9683D8EE-FE73-42C5-A461-BFF86322F872}
	EndGlobalSection
EndGlobal
