
Microsoft Visual Studio Solution File, Format Version 12.00
# Visual Studio Version 17
VisualStudioVersion = 17.1.32414.318
MinimumVisualStudioVersion = 10.0.40219.1
Project("{FAE04EC0-301F-11D3-BF4B-00C04F79EFBC}") = "09-POO_clases", "09-POO_clases\09-POO_clases.csproj", "{C490A768-6D64-4350-858A-C25F1E7DD453}"
EndProject
Global
	GlobalSection(SolutionConfigurationPlatforms) = preSolution
		Debug|Any CPU = Debug|Any CPU
		Release|Any CPU = Release|Any CPU
	EndGlobalSection
	GlobalSection(ProjectConfigurationPlatforms) = postSolution
		{C490A768-6D64-4350-858A-C25F1E7DD453}.Debug|Any CPU.ActiveCfg = Debug|Any CPU
		{C490A768-6D64-4350-858A-C25F1E7DD453}.Debug|Any CPU.Build.0 = Debug|Any CPU
		{C490A768-6D64-4350-858A-C25F1E7DD453}.Release|Any CPU.ActiveCfg = Release|Any CPU
		{C490A768-6D64-4350-858A-C25F1E7DD453}.Release|Any CPU.Build.0 = Release|Any CPU
	EndGlobalSection
	GlobalSection(SolutionProperties) = preSolution
		HideSolutionNode = FALSE
	EndGlobalSection
	GlobalSection(ExtensibilityGlobals) = postSolution
		SolutionGuid = {727585E6-E824-49CB-B808-89E01C8E0F00}
	EndGlobalSection
EndGlobal
