
Microsoft Visual Studio Solution File, Format Version 12.00
# Visual Studio Version 17
VisualStudioVersion = 17.1.32414.318
MinimumVisualStudioVersion = 10.0.40219.1
Project("{FAE04EC0-301F-11D3-BF4B-00C04F79EFBC}") = "01-hola_mundo", "01-hola_mundo\01-hola_mundo.csproj", "{B594974C-42CF-4CF6-8F95-CD4D9C785C9A}"
EndProject
Global
	GlobalSection(SolutionConfigurationPlatforms) = preSolution
		Debug|Any CPU = Debug|Any CPU
		Release|Any CPU = Release|Any CPU
	EndGlobalSection
	GlobalSection(ProjectConfigurationPlatforms) = postSolution
		{B594974C-42CF-4CF6-8F95-CD4D9C785C9A}.Debug|Any CPU.ActiveCfg = Debug|Any CPU
		{B594974C-42CF-4CF6-8F95-CD4D9C785C9A}.Debug|Any CPU.Build.0 = Debug|Any CPU
		{B594974C-42CF-4CF6-8F95-CD4D9C785C9A}.Release|Any CPU.ActiveCfg = Release|Any CPU
		{B594974C-42CF-4CF6-8F95-CD4D9C785C9A}.Release|Any CPU.Build.0 = Release|Any CPU
	EndGlobalSection
	GlobalSection(SolutionProperties) = preSolution
		HideSolutionNode = FALSE
	EndGlobalSection
	GlobalSection(ExtensibilityGlobals) = postSolution
		SolutionGuid = {939382F9-9769-4101-906F-EBDB6B45EEF7}
	EndGlobalSection
EndGlobal
