
Microsoft Visual Studio Solution File, Format Version 12.00
# Visual Studio Version 17
VisualStudioVersion = 17.1.32414.318
MinimumVisualStudioVersion = 10.0.40219.1
Project("{FAE04EC0-301F-11D3-BF4B-00C04F79EFBC}") = "04-operadores", "04-operadores\04-operadores.csproj", "{9D61843E-9D5E-4DB9-9CAD-3AF1219AE0A3}"
EndProject
Global
	GlobalSection(SolutionConfigurationPlatforms) = preSolution
		Debug|Any CPU = Debug|Any CPU
		Release|Any CPU = Release|Any CPU
	EndGlobalSection
	GlobalSection(ProjectConfigurationPlatforms) = postSolution
		{9D61843E-9D5E-4DB9-9CAD-3AF1219AE0A3}.Debug|Any CPU.ActiveCfg = Debug|Any CPU
		{9D61843E-9D5E-4DB9-9CAD-3AF1219AE0A3}.Debug|Any CPU.Build.0 = Debug|Any CPU
		{9D61843E-9D5E-4DB9-9CAD-3AF1219AE0A3}.Release|Any CPU.ActiveCfg = Release|Any CPU
		{9D61843E-9D5E-4DB9-9CAD-3AF1219AE0A3}.Release|Any CPU.Build.0 = Release|Any CPU
	EndGlobalSection
	GlobalSection(SolutionProperties) = preSolution
		HideSolutionNode = FALSE
	EndGlobalSection
	GlobalSection(ExtensibilityGlobals) = postSolution
		SolutionGuid = {526F1656-2181-4E4A-8694-56EF88687CA0}
	EndGlobalSection
EndGlobal
