
Microsoft Visual Studio Solution File, Format Version 12.00
# Visual Studio Version 17
VisualStudioVersion = 17.1.32414.318
MinimumVisualStudioVersion = 10.0.40219.1
Project("{FAE04EC0-301F-11D3-BF4B-00C04F79EFBC}") = "03-patron_asteriscos", "03-patron_asteriscos\03-patron_asteriscos.csproj", "{F9935A0C-2AB3-4A41-8DFE-0D85E65AD288}"
EndProject
Global
	GlobalSection(SolutionConfigurationPlatforms) = preSolution
		Debug|Any CPU = Debug|Any CPU
		Release|Any CPU = Release|Any CPU
	EndGlobalSection
	GlobalSection(ProjectConfigurationPlatforms) = postSolution
		{F9935A0C-2AB3-4A41-8DFE-0D85E65AD288}.Debug|Any CPU.ActiveCfg = Debug|Any CPU
		{F9935A0C-2AB3-4A41-8DFE-0D85E65AD288}.Debug|Any CPU.Build.0 = Debug|Any CPU
		{F9935A0C-2AB3-4A41-8DFE-0D85E65AD288}.Release|Any CPU.ActiveCfg = Release|Any CPU
		{F9935A0C-2AB3-4A41-8DFE-0D85E65AD288}.Release|Any CPU.Build.0 = Release|Any CPU
	EndGlobalSection
	GlobalSection(SolutionProperties) = preSolution
		HideSolutionNode = FALSE
	EndGlobalSection
	GlobalSection(ExtensibilityGlobals) = postSolution
		SolutionGuid = {46F3ECE3-A17A-4D31-AA60-AB9A00064F8A}
	EndGlobalSection
EndGlobal
